// !$*UTF8*$!
{
	archiveVersion = 1;
	classes = {
	};
	objectVersion = 50;
	objects = {

/* Begin PBXBuildFile section */
		9B8B7451230A8F8A004E89A1 /* AppDelegate.m in Sources */ = {isa = PBXBuildFile; fileRef = 9B8B7450230A8F8A004E89A1 /* AppDelegate.m */; };
		9B8B7454230A8F8A004E89A1 /* ViewController.m in Sources */ = {isa = PBXBuildFile; fileRef = 9B8B7453230A8F8A004E89A1 /* ViewController.m */; };
		9B8B7457230A8F8A004E89A1 /* Main.storyboard in Resources */ = {isa = PBXBuildFile; fileRef = 9B8B7455230A8F8A004E89A1 /* Main.storyboard */; };
		9B8B7459230A8F8C004E89A1 /* Assets.xcassets in Resources */ = {isa = PBXBuildFile; fileRef = 9B8B7458230A8F8C004E89A1 /* Assets.xcassets */; };
		9B8B745C230A8F8C004E89A1 /* LaunchScreen.storyboard in Resources */ = {isa = PBXBuildFile; fileRef = 9B8B745A230A8F8C004E89A1 /* LaunchScreen.storyboard */; };
		9B8B745F230A8F8C004E89A1 /* main.m in Sources */ = {isa = PBXBuildFile; fileRef = 9B8B745E230A8F8C004E89A1 /* main.m */; };
		9B8B7467230A90B8004E89A1 /* RSA.m in Sources */ = {isa = PBXBuildFile; fileRef = 9B8B7466230A90B8004E89A1 /* RSA.m */; };
		9BF03963230E2A7400E64EBE /* public_key.der in Resources */ = {isa = PBXBuildFile; fileRef = 9BF0395E230E2A7400E64EBE /* public_key.der */; };
		9BF03964230E2A7400E64EBE /* private_key.p12 in Resources */ = {isa = PBXBuildFile; fileRef = 9BF0395F230E2A7400E64EBE /* private_key.p12 */; };
		9BF03965230E2A7400E64EBE /* pkcs8_private_key.pem in Resources */ = {isa = PBXBuildFile; fileRef = 9BF03961230E2A7400E64EBE /* pkcs8_private_key.pem */; };
		9BF03966230E2A7400E64EBE /* rsa_public_key.pem in Resources */ = {isa = PBXBuildFile; fileRef = 9BF03962230E2A7400E64EBE /* rsa_public_key.pem */; };
/* End PBXBuildFile section */

/* Begin PBXFileReference section */
		9B8B744C230A8F8A004E89A1 /* RSA.app */ = {isa = PBXFileReference; explicitFileType = wrapper.application; includeInIndex = 0; path = RSA.app; sourceTree = BUILT_PRODUCTS_DIR; };
		9B8B744F230A8F8A004E89A1 /* AppDelegate.h */ = {isa = PBXFileReference; lastKnownFileType = sourcecode.c.h; path = AppDelegate.h; sourceTree = "<group>"; };
		9B8B7450230A8F8A004E89A1 /* AppDelegate.m */ = {isa = PBXFileReference; lastKnownFileType = sourcecode.c.objc; path = AppDelegate.m; sourceTree = "<group>"; };
		9B8B7452230A8F8A004E89A1 /* ViewController.h */ = {isa = PBXFileReference; lastKnownFileType = sourcecode.c.h; path = ViewController.h; sourceTree = "<group>"; };
		9B8B7453230A8F8A004E89A1 /* ViewController.m */ = {isa = PBXFileReference; lastKnownFileType = sourcecode.c.objc; path = ViewController.m; sourceTree = "<group>"; };
		9B8B7456230A8F8A004E89A1 /* Base */ = {isa = PBXFileReference; lastKnownFileType = file.storyboard; name = Base; path = Base.lproj/Main.storyboard; sourceTree = "<group>"; };
		9B8B7458230A8F8C004E89A1 /* Assets.xcassets */ = {isa = PBXFileReference; lastKnownFileType = folder.assetcatalog; path = Assets.xcassets; sourceTree = "<group>"; };
		9B8B745B230A8F8C004E89A1 /* Base */ = {isa = PBXFileReference; lastKnownFileType = file.storyboard; name = Base; path = Base.lproj/LaunchScreen.storyboard; sourceTree = "<group>"; };
		9B8B745D230A8F8C004E89A1 /* Info.plist */ = {isa = PBXFileReference; lastKnownFileType = text.plist.xml; path = Info.plist; sourceTree = "<group>"; };
		9B8B745E230A8F8C004E89A1 /* main.m */ = {isa = PBXFileReference; lastKnownFileType = sourcecode.c.objc; path = main.m; sourceTree = "<group>"; };
		9B8B7465230A90B8004E89A1 /* RSA.h */ = {isa = PBXFileReference; fileEncoding = 4; lastKnownFileType = sourcecode.c.h; path = RSA.h; sourceTree = "<group>"; };
		9B8B7466230A90B8004E89A1 /* RSA.m */ = {isa = PBXFileReference; fileEncoding = 4; lastKnownFileType = sourcecode.c.objc; path = RSA.m; sourceTree = "<group>"; };
		9BF0395E230E2A7400E64EBE /* public_key.der */ = {isa = PBXFileReference; lastKnownFileType = file; path = public_key.der; sourceTree = "<group>"; };
		9BF0395F230E2A7400E64EBE /* private_key.p12 */ = {isa = PBXFileReference; lastKnownFileType = file; path = private_key.p12; sourceTree = "<group>"; };
		9BF03961230E2A7400E64EBE /* pkcs8_private_key.pem */ = {isa = PBXFileReference; fileEncoding = 4; lastKnownFileType = text; path = pkcs8_private_key.pem; sourceTree = "<group>"; };
		9BF03962230E2A7400E64EBE /* rsa_public_key.pem */ = {isa = PBXFileReference; fileEncoding = 4; lastKnownFileType = text; path = rsa_public_key.pem; sourceTree = "<group>"; };
/* End PBXFileReference section */

/* Begin PBXFrameworksBuildPhase section */
		9B8B7449230A8F8A004E89A1 /* Frameworks */ = {
			isa = PBXFrameworksBuildPhase;
			buildActionMask = 2147483647;
			files = (
			);
			runOnlyForDeploymentPostprocessing = 0;
		};
/* End PBXFrameworksBuildPhase section */

/* Begin PBXGroup section */
		9B8B7443230A8F8A004E89A1 = {
			isa = PBXGroup;
			children = (
				9B8B744E230A8F8A004E89A1 /* RSA */,
				9B8B744D230A8F8A004E89A1 /* Products */,
			);
			sourceTree = "<group>";
		};
		9B8B744D230A8F8A004E89A1 /* Products */ = {
			isa = PBXGroup;
			children = (
				9B8B744C230A8F8A004E89A1 /* RSA.app */,
			);
			name = Products;
			sourceTree = "<group>";
		};
		9B8B744E230A8F8A004E89A1 /* RSA */ = {
			isa = PBXGroup;
			children = (
				9BF0395D230E2A7400E64EBE /* ios */,
				9BF03960230E2A7400E64EBE /* java */,
				9B8B7465230A90B8004E89A1 /* RSA.h */,
				9B8B7466230A90B8004E89A1 /* RSA.m */,
				9B8B744F230A8F8A004E89A1 /* AppDelegate.h */,
				9B8B7450230A8F8A004E89A1 /* AppDelegate.m */,
				9B8B7452230A8F8A004E89A1 /* ViewController.h */,
				9B8B7453230A8F8A004E89A1 /* ViewController.m */,
				9B8B7455230A8F8A004E89A1 /* Main.storyboard */,
				9B8B7458230A8F8C004E89A1 /* Assets.xcassets */,
				9B8B745A230A8F8C004E89A1 /* LaunchScreen.storyboard */,
				9B8B745D230A8F8C004E89A1 /* Info.plist */,
				9B8B745E230A8F8C004E89A1 /* main.m */,
			);
			path = RSA;
			sourceTree = "<group>";
		};
		9BF0395D230E2A7400E64EBE /* ios */ = {
			isa = PBXGroup;
			children = (
				9BF0395E230E2A7400E64EBE /* public_key.der */,
				9BF0395F230E2A7400E64EBE /* private_key.p12 */,
			);
			name = ios;
			path = "生成/ios";
			sourceTree = SOURCE_ROOT;
		};
		9BF03960230E2A7400E64EBE /* java */ = {
			isa = PBXGroup;
			children = (
				9BF03961230E2A7400E64EBE /* pkcs8_private_key.pem */,
				9BF03962230E2A7400E64EBE /* rsa_public_key.pem */,
			);
			name = java;
			path = "生成/java";
			sourceTree = SOURCE_ROOT;
		};
/* End PBXGroup section */

/* Begin PBXNativeTarget section */
		9B8B744B230A8F8A004E89A1 /* RSA */ = {
			isa = PBXNativeTarget;
			buildConfigurationList = 9B8B7462230A8F8C004E89A1 /* Build configuration list for PBXNativeTarget "RSA" */;
			buildPhases = (
				9B8B7448230A8F8A004E89A1 /* Sources */,
				9B8B7449230A8F8A004E89A1 /* Frameworks */,
				9B8B744A230A8F8A004E89A1 /* Resources */,
			);
			buildRules = (
			);
			dependencies = (
			);
			name = RSA;
			productName = RSA;
			productReference = 9B8B744C230A8F8A004E89A1 /* RSA.app */;
			productType = "com.apple.product-type.application";
		};
/* End PBXNativeTarget section */

/* Begin PBXProject section */
		9B8B7444230A8F8A004E89A1 /* Project object */ = {
			isa = PBXProject;
			attributes = {
				LastUpgradeCheck = 1010;
				ORGANIZATIONNAME = WL;
				TargetAttributes = {
					9B8B744B230A8F8A004E89A1 = {
						CreatedOnToolsVersion = 10.1;
					};
				};
			};
			buildConfigurationList = 9B8B7447230A8F8A004E89A1 /* Build configuration list for PBXProject "RSA" */;
			compatibilityVersion = "Xcode 9.3";
			developmentRegion = en;
			hasScannedForEncodings = 0;
			knownRegions = (
				en,
				Base,
			);
			mainGroup = 9B8B7443230A8F8A004E89A1;
			productRefGroup = 9B8B744D230A8F8A004E89A1 /* Products */;
			projectDirPath = "";
			projectRoot = "";
			targets = (
				9B8B744B230A8F8A004E89A1 /* RSA */,
			);
		};
/* End PBXProject section */

/* Begin PBXResourcesBuildPhase section */
		9B8B744A230A8F8A004E89A1 /* Resources */ = {
			isa = PBXResourcesBuildPhase;
			buildActionMask = 2147483647;
			files = (
				9B8B745C230A8F8C004E89A1 /* LaunchScreen.storyboard in Resources */,
				9B8B7459230A8F8C004E89A1 /* Assets.xcassets in Resources */,
				9BF03963230E2A7400E64EBE /* public_key.der in Resources */,
				9BF03964230E2A7400E64EBE /* private_key.p12 in Resources */,
				9BF03965230E2A7400E64EBE /* pkcs8_private_key.pem in Resources */,
				9BF03966230E2A7400E64EBE /* rsa_public_key.pem in Resources */,
				9B8B7457230A8F8A004E89A1 /* Main.storyboard in Resources */,
			);
			runOnlyForDeploymentPostprocessing = 0;
		};
/* End PBXResourcesBuildPhase section */

/* Begin PBXSourcesBuildPhase section */
		9B8B7448230A8F8A004E89A1 /* Sources */ = {
			isa = PBXSourcesBuildPhase;
			buildActionMask = 2147483647;
			files = (
				9B8B7454230A8F8A004E89A1 /* ViewController.m in Sources */,
				9B8B745F230A8F8C004E89A1 /* main.m in Sources */,
				9B8B7467230A90B8004E89A1 /* RSA.m in Sources */,
				9B8B7451230A8F8A004E89A1 /* AppDelegate.m in Sources */,
			);
			runOnlyForDeploymentPostprocessing = 0;
		};
/* End PBXSourcesBuildPhase section */

/* Begin PBXVariantGroup section */
		9B8B7455230A8F8A004E89A1 /* Main.storyboard */ = {
			isa = PBXVariantGroup;
			children = (
				9B8B7456230A8F8A004E89A1 /* Base */,
			);
			name = Main.storyboard;
			sourceTree = "<group>";
		};
		9B8B745A230A8F8C004E89A1 /* LaunchScreen.storyboard */ = {
			isa = PBXVariantGroup;
			children = (
				9B8B745B230A8F8C004E89A1 /* Base */,
			);
			name = LaunchScreen.storyboard;
			sourceTree = "<group>";
		};
/* End PBXVariantGroup section */

/* Begin XCBuildConfiguration section */
		9B8B7460230A8F8C004E89A1 /* Debug */ = {
			isa = XCBuildConfiguration;
			buildSettings = {
				ALWAYS_SEARCH_USER_PATHS = NO;
				CLANG_ANALYZER_NONNULL = YES;
				CLANG_ANALYZER_NUMBER_OBJECT_CONVERSION = YES_AGGRESSIVE;
				CLANG_CXX_LANGUAGE_STANDARD = "gnu++14";
				CLANG_CXX_LIBRARY = "libc++";
				CLANG_ENABLE_MODULES = YES;
				CLANG_ENABLE_OBJC_ARC = YES;
				CLANG_ENABLE_OBJC_WEAK = YES;
				CLANG_WARN_BLOCK_CAPTURE_AUTORELEASING = YES;
				CLANG_WARN_BOOL_CONVERSION = YES;
				CLANG_WARN_COMMA = YES;
				CLANG_WARN_CONSTANT_CONVERSION = YES;
				CLANG_WARN_DEPRECATED_OBJC_IMPLEMENTATIONS = YES;
				CLANG_WARN_DIRECT_OBJC_ISA_USAGE = YES_ERROR;
				CLANG_WARN_DOCUMENTATION_COMMENTS = YES;
				CLANG_WARN_EMPTY_BODY = YES;
				CLANG_WARN_ENUM_CONVERSION = YES;
				CLANG_WARN_INFINITE_RECURSION = YES;
				CLANG_WARN_INT_CONVERSION = YES;
				CLANG_WARN_NON_LITERAL_NULL_CONVERSION = YES;
				CLANG_WARN_OBJC_IMPLICIT_RETAIN_SELF = YES;
				CLANG_WARN_OBJC_LITERAL_CONVERSION = YES;
				CLANG_WARN_OBJC_ROOT_CLASS = YES_ERROR;
				CLANG_WARN_RANGE_LOOP_ANALYSIS = YES;
				CLANG_WARN_STRICT_PROTOTYPES = YES;
				CLANG_WARN_SUSPICIOUS_MOVE = YES;
				CLANG_WARN_UNGUARDED_AVAILABILITY = YES_AGGRESSIVE;
				CLANG_WARN_UNREACHABLE_CODE = YES;
				CLANG_WARN__DUPLICATE_METHOD_MATCH = YES;
				CODE_SIGN_IDENTITY = "iPhone Developer";
				COPY_PHASE_STRIP = NO;
				DEBUG_INFORMATION_FORMAT = dwarf;
				ENABLE_STRICT_OBJC_MSGSEND = YES;
				ENABLE_TESTABILITY = YES;
				GCC_C_LANGUAGE_STANDARD = gnu11;
				GCC_DYNAMIC_NO_PIC = NO;
				GCC_NO_COMMON_BLOCKS = YES;
				GCC_OPTIMIZATION_LEVEL = 0;
				GCC_PREPROCESSOR_DEFINITIONS = (
					"DEBUG=1",
					"$(inherited)",
				);
				GCC_WARN_64_TO_32_BIT_CONVERSION = YES;
				GCC_WARN_ABOUT_RETURN_TYPE = YES_ERROR;
				GCC_WARN_UNDECLARED_SELECTOR = YES;
				GCC_WARN_UNINITIALIZED_AUTOS = YES_AGGRESSIVE;
				GCC_WARN_UNUSED_FUNCTION = YES;
				GCC_WARN_UNUSED_VARIABLE = YES;
				IPHONEOS_DEPLOYMENT_TARGET = 12.1;
				MTL_ENABLE_DEBUG_INFO = INCLUDE_SOURCE;
				MTL_FAST_MATH = YES;
				ONLY_ACTIVE_ARCH = YES;
				SDKROOT = iphoneos;
			};
			name = Debug;
		};
		9B8B7461230A8F8C004E89A1 /* Release */ = {
			isa = XCBuildConfiguration;
			buildSettings = {
				ALWAYS_SEARCH_USER_PATHS = NO;
				CLANG_ANALYZER_NONNULL = YES;
				CLANG_ANALYZER_NUMBER_OBJECT_CONVERSION = YES_AGGRESSIVE;
				CLANG_CXX_LANGUAGE_STANDARD = "gnu++14";
				CLANG_CXX_LIBRARY = "libc++";
				CLANG_ENABLE_MODULES = YES;
				CLANG_ENABLE_OBJC_ARC = YES;
				CLANG_ENABLE_OBJC_WEAK = YES;
				CLANG_WARN_BLOCK_CAPTURE_AUTORELEASING = YES;
				CLANG_WARN_BOOL_CONVERSION = YES;
				CLANG_WARN_COMMA = YES;
				CLANG_WARN_CONSTANT_CONVERSION = YES;
				CLANG_WARN_DEPRECATED_OBJC_IMPLEMENTATIONS = YES;
				CLANG_WARN_DIRECT_OBJC_ISA_USAGE = YES_ERROR;
				CLANG_WARN_DOCUMENTATION_COMMENTS = YES;
				CLANG_WARN_EMPTY_BODY = YES;
				CLANG_WARN_ENUM_CONVERSION = YES;
				CLANG_WARN_INFINITE_RECURSION = YES;
				CLANG_WARN_INT_CONVERSION = YES;
				CLANG_WARN_NON_LITERAL_NULL_CONVERSION = YES;
				CLANG_WARN_OBJC_IMPLICIT_RETAIN_SELF = YES;
				CLANG_WARN_OBJC_LITERAL_CONVERSION = YES;
				CLANG_WARN_OBJC_ROOT_CLASS = YES_ERROR;
				CLANG_WARN_RANGE_LOOP_ANALYSIS = YES;
				CLANG_WARN_STRICT_PROTOTYPES = YES;
				CLANG_WARN_SUSPICIOUS_MOVE = YES;
				CLANG_WARN_UNGUARDED_AVAILABILITY = YES_AGGRESSIVE;
				CLANG_WARN_UNREACHABLE_CODE = YES;
				CLANG_WARN__DUPLICATE_METHOD_MATCH = YES;
				CODE_SIGN_IDENTITY = "iPhone Developer";
				COPY_PHASE_STRIP = NO;
				DEBUG_INFORMATION_FORMAT = "dwarf-with-dsym";
				ENABLE_NS_ASSERTIONS = NO;
				ENABLE_STRICT_OBJC_MSGSEND = YES;
				GCC_C_LANGUAGE_STANDARD = gnu11;
				GCC_NO_COMMON_BLOCKS = YES;
				GCC_WARN_64_TO_32_BIT_CONVERSION = YES;
				GCC_WARN_ABOUT_RETURN_TYPE = YES_ERROR;
				GCC_WARN_UNDECLARED_SELECTOR = YES;
				GCC_WARN_UNINITIALIZED_AUTOS = YES_AGGRESSIVE;
				GCC_WARN_UNUSED_FUNCTION = YES;
				GCC_WARN_UNUSED_VARIABLE = YES;
				IPHONEOS_DEPLOYMENT_TARGET = 12.1;
				MTL_ENABLE_DEBUG_INFO = NO;
				MTL_FAST_MATH = YES;
				SDKROOT = iphoneos;
				VALIDATE_PRODUCT = YES;
			};
			name = Release;
		};
		9B8B7463230A8F8C004E89A1 /* Debug */ = {
			isa = XCBuildConfiguration;
			buildSettings = {
				ASSETCATALOG_COMPILER_APPICON_NAME = AppIcon;
				CODE_SIGN_IDENTITY = "iPhone Developer";
				CODE_SIGN_STYLE = Automatic;
				DEVELOPMENT_TEAM = 927V89HB27;
				INFOPLIST_FILE = RSA/Info.plist;
				IPHONEOS_DEPLOYMENT_TARGET = 10.0;
				LD_RUNPATH_SEARCH_PATHS = (
					"$(inherited)",
					"@executable_path/Frameworks",
				);
				PRODUCT_BUNDLE_IDENTIFIER = com.xinchengzhihui.cn;
				PRODUCT_NAME = "$(TARGET_NAME)";
				PROVISIONING_PROFILE_SPECIFIER = "";
				TARGETED_DEVICE_FAMILY = "1,2";
			};
			name = Debug;
		};
		9B8B7464230A8F8C004E89A1 /* Release */ = {
			isa = XCBuildConfiguration;
			buildSettings = {
				ASSETCATALOG_COMPILER_APPICON_NAME = AppIcon;
				CODE_SIGN_IDENTITY = "iPhone Developer";
				CODE_SIGN_STYLE = Automatic;
				DEVELOPMENT_TEAM = 927V89HB27;
				INFOPLIST_FILE = RSA/Info.plist;
				IPHONEOS_DEPLOYMENT_TARGET = 10.0;
				LD_RUNPATH_SEARCH_PATHS = (
					"$(inherited)",
					"@executable_path/Frameworks",
				);
				PRODUCT_BUNDLE_IDENTIFIER = com.xinchengzhihui.cn;
				PRODUCT_NAME = "$(TARGET_NAME)";
				PROVISIONING_PROFILE_SPECIFIER = "";
				TARGETED_DEVICE_FAMILY = "1,2";
			};
			name = Release;
		};
/* End XCBuildConfiguration section */

/* Begin XCConfigurationList section */
		9B8B7447230A8F8A004E89A1 /* Build configuration list for PBXProject "RSA" */ = {
			isa = XCConfigurationList;
			buildConfigurations = (
				9B8B7460230A8F8C004E89A1 /* Debug */,
				9B8B7461230A8F8C004E89A1 /* Release */,
			);
			defaultConfigurationIsVisible = 0;
			defaultConfigurationName = Release;
		};
		9B8B7462230A8F8C004E89A1 /* Build configuration list for PBXNativeTarget "RSA" */ = {
			isa = XCConfigurationList;
			buildConfigurations = (
				9B8B7463230A8F8C004E89A1 /* Debug */,
				9B8B7464230A8F8C004E89A1 /* Release */,
			);
			defaultConfigurationIsVisible = 0;
			defaultConfigurationName = Release;
		};
/* End XCConfigurationList section */
	};
	rootObject = 9B8B7444230A8F8A004E89A1 /* Project object */;
}
